// !$*UTF8*$!
{
	archiveVersion = 1;
	classes = {
	};
	objectVersion = 55;
	objects = {

/* Begin PBXBuildFile section */
		28A611332C5443C9E9F8AACF /* Pods_RickAndMortyApp.framework in Frameworks */ = {isa = PBXBuildFile; fileRef = 8E616BEA614F5CAD2D1CBA76 /* Pods_RickAndMortyApp.framework */; };
		8400D32E28991DD700C35767 /* AppDelegate.swift in Sources */ = {isa = PBXBuildFile; fileRef = 8400D32D28991DD700C35767 /* AppDelegate.swift */; };
		8400D33728991DDA00C35767 /* Assets.xcassets in Resources */ = {isa = PBXBuildFile; fileRef = 8400D33628991DDA00C35767 /* Assets.xcassets */; };
		8400D33A28991DDA00C35767 /* LaunchScreen.storyboard in Resources */ = {isa = PBXBuildFile; fileRef = 8400D33828991DDA00C35767 /* LaunchScreen.storyboard */; };
		8400D34528992F7700C35767 /* CharacterViewController.swift in Sources */ = {isa = PBXBuildFile; fileRef = 8400D34428992F7700C35767 /* CharacterViewController.swift */; };
		8400D34A28992FA300C35767 /* EpisodesViewController.swift in Sources */ = {isa = PBXBuildFile; fileRef = 8400D34928992FA300C35767 /* EpisodesViewController.swift */; };
		8400D34C28992FB000C35767 /* LocationsViewController.swift in Sources */ = {isa = PBXBuildFile; fileRef = 8400D34B28992FB000C35767 /* LocationsViewController.swift */; };
		8400D35228995F7200C35767 /* CharactersTableViewCell.swift in Sources */ = {isa = PBXBuildFile; fileRef = 8400D35128995F7200C35767 /* CharactersTableViewCell.swift */; };
		8400D3562899629600C35767 /* CharacterNetwork.swift in Sources */ = {isa = PBXBuildFile; fileRef = 8400D3552899629600C35767 /* CharacterNetwork.swift */; };
		8400D358289962A700C35767 /* Location.swift in Sources */ = {isa = PBXBuildFile; fileRef = 8400D357289962A700C35767 /* Location.swift */; };
		8400D35A289962BC00C35767 /* Episode.swift in Sources */ = {isa = PBXBuildFile; fileRef = 8400D359289962BC00C35767 /* Episode.swift */; };
		8400D367289ADAD400C35767 /* NetworkService.swift in Sources */ = {isa = PBXBuildFile; fileRef = 8400D366289ADAD400C35767 /* NetworkService.swift */; };
		8400D3BC289E91BC00C35767 /* LocationTableViewCell.swift in Sources */ = {isa = PBXBuildFile; fileRef = 8400D3BB289E91BC00C35767 /* LocationTableViewCell.swift */; };
		8400D3BE289E9ACD00C35767 /* EpisodesTableViewCell.swift in Sources */ = {isa = PBXBuildFile; fileRef = 8400D3BD289E9ACD00C35767 /* EpisodesTableViewCell.swift */; };
		848A225228E1A13200ABC301 /* GalaryCollectionView.swift in Sources */ = {isa = PBXBuildFile; fileRef = 848A225128E1A13200ABC301 /* GalaryCollectionView.swift */; };
		848A225428E1A4A800ABC301 /* GalaryCollectionViewCell.swift in Sources */ = {isa = PBXBuildFile; fileRef = 848A225328E1A4A800ABC301 /* GalaryCollectionViewCell.swift */; };
		848DAFE628CA0DE600FA8D82 /* modules.strings in Resources */ = {isa = PBXBuildFile; fileRef = 848DAFE528CA0DE600FA8D82 /* modules.strings */; };
		848DAFE828CA0E6B00FA8D82 /* alertMessages.strings in Resources */ = {isa = PBXBuildFile; fileRef = 848DAFE728CA0E6B00FA8D82 /* alertMessages.strings */; };
		848DAFEC28CA194900FA8D82 /* R.generated.swift in Sources */ = {isa = PBXBuildFile; fileRef = 848DAFEB28CA194900FA8D82 /* R.generated.swift */; };
		848DAFEE28CA263800FA8D82 /* services.strings in Resources */ = {isa = PBXBuildFile; fileRef = 848DAFED28CA263800FA8D82 /* services.strings */; };
		848DAFF028CA29F700FA8D82 /* cells.strings in Resources */ = {isa = PBXBuildFile; fileRef = 848DAFEF28CA29F700FA8D82 /* cells.strings */; };
		848DAFF928D34B3700FA8D82 /* DetailViewController.swift in Sources */ = {isa = PBXBuildFile; fileRef = 848DAFF828D34B3700FA8D82 /* DetailViewController.swift */; };
		848DAFFB28D4975300FA8D82 /* DetailsProtocols.swift in Sources */ = {isa = PBXBuildFile; fileRef = 848DAFFA28D4975300FA8D82 /* DetailsProtocols.swift */; };
		848DAFFD28D497A100FA8D82 /* DetailsViewModel.swift in Sources */ = {isa = PBXBuildFile; fileRef = 848DAFFC28D497A100FA8D82 /* DetailsViewModel.swift */; };
		848DB02028DB553000FA8D82 /* CarouselViewController.swift in Sources */ = {isa = PBXBuildFile; fileRef = 848DB01F28DB553000FA8D82 /* CarouselViewController.swift */; };
		84A0022E28B552D700A233F1 /* SearchService.swift in Sources */ = {isa = PBXBuildFile; fileRef = 84A0022D28B552D700A233F1 /* SearchService.swift */; };
		84A0023028B6423500A233F1 /* EndPoints.swift in Sources */ = {isa = PBXBuildFile; fileRef = 84A0022F28B6423500A233F1 /* EndPoints.swift */; };
		84A0023328B64AC400A233F1 /* NetworkService+extension.swift in Sources */ = {isa = PBXBuildFile; fileRef = 84A0023228B64AC400A233F1 /* NetworkService+extension.swift */; };
		84A0023528B8DC5D00A233F1 /* LocationPresenter.swift in Sources */ = {isa = PBXBuildFile; fileRef = 84A0023428B8DC5D00A233F1 /* LocationPresenter.swift */; };
		84A0023728B8E16600A233F1 /* LocationBuilder.swift in Sources */ = {isa = PBXBuildFile; fileRef = 84A0023628B8E16600A233F1 /* LocationBuilder.swift */; };
		84A0023928B90CD700A233F1 /* EpisodePresenter.swift in Sources */ = {isa = PBXBuildFile; fileRef = 84A0023828B90CD700A233F1 /* EpisodePresenter.swift */; };
		84A0023B28B90E9000A233F1 /* EpisodeBuilder.swift in Sources */ = {isa = PBXBuildFile; fileRef = 84A0023A28B90E9000A233F1 /* EpisodeBuilder.swift */; };
		84A0023D28B9103300A233F1 /* CharacterPresenter.swift in Sources */ = {isa = PBXBuildFile; fileRef = 84A0023C28B9103300A233F1 /* CharacterPresenter.swift */; };
		84A0023F28B9104400A233F1 /* CharacterBuilder.swift in Sources */ = {isa = PBXBuildFile; fileRef = 84A0023E28B9104400A233F1 /* CharacterBuilder.swift */; };
		84A0024128BCC74000A233F1 /* UIViewController+showAlert.swift in Sources */ = {isa = PBXBuildFile; fileRef = 84A0024028BCC74000A233F1 /* UIViewController+showAlert.swift */; };
		84A0024328BD01EB00A233F1 /* IViewControllers.swift in Sources */ = {isa = PBXBuildFile; fileRef = 84A0024228BD01EB00A233F1 /* IViewControllers.swift */; };
		84A0024528BE434E00A233F1 /* StartService.swift in Sources */ = {isa = PBXBuildFile; fileRef = 84A0024428BE434E00A233F1 /* StartService.swift */; };
		84A0024728BF99DC00A233F1 /* SplashViewController.swift in Sources */ = {isa = PBXBuildFile; fileRef = 84A0024628BF99DC00A233F1 /* SplashViewController.swift */; };
		84A0024C28C0B7CB00A233F1 /* TabBarViewController.swift in Sources */ = {isa = PBXBuildFile; fileRef = 84A0024B28C0B7CB00A233F1 /* TabBarViewController.swift */; };
		84A0025328C1027E00A233F1 /* SplashScreenPresenter.swift in Sources */ = {isa = PBXBuildFile; fileRef = 84A0025228C1027E00A233F1 /* SplashScreenPresenter.swift */; };
		84A0025528C115C800A233F1 /* SplashBuilder.swift in Sources */ = {isa = PBXBuildFile; fileRef = 84A0025428C115C800A233F1 /* SplashBuilder.swift */; };
		84A07E5D28E5E660009C5D84 /* GoogleService-Info.plist in Resources */ = {isa = PBXBuildFile; fileRef = 84A07E5C28E5E660009C5D84 /* GoogleService-Info.plist */; };
		84A07E6128E5EAA6009C5D84 /* GoogleAnalyticsWrapper.swift in Sources */ = {isa = PBXBuildFile; fileRef = 84A07E6028E5EAA6009C5D84 /* GoogleAnalyticsWrapper.swift */; };
		84A07E6328E9FCAB009C5D84 /* NotificationsService.swift in Sources */ = {isa = PBXBuildFile; fileRef = 84A07E6228E9FCAB009C5D84 /* NotificationsService.swift */; };
		84B4A6AE28EEE485001D2CD3 /* DebugMenuView.swift in Sources */ = {isa = PBXBuildFile; fileRef = 84B4A6AD28EEE485001D2CD3 /* DebugMenuView.swift */; };
		84B4A70628F6FE3D001D2CD3 /* DataService.swift in Sources */ = {isa = PBXBuildFile; fileRef = 84B4A70528F6FE3D001D2CD3 /* DataService.swift */; };
		84EBB02028C79166009D0DE0 /* RickAndMorty.xcdatamodeld in Sources */ = {isa = PBXBuildFile; fileRef = 84EBB01E28C79165009D0DE0 /* RickAndMorty.xcdatamodeld */; };
		84EBB02328C7958D009D0DE0 /* CoreDataService.swift in Sources */ = {isa = PBXBuildFile; fileRef = 84EBB02228C7958D009D0DE0 /* CoreDataService.swift */; };
/* End PBXBuildFile section */

/* Begin PBXFileReference section */
		1DD5A2A4CFF94EFEEEC52C61 /* Pods-RickAndMortyApp.release.xcconfig */ = {isa = PBXFileReference; includeInIndex = 1; lastKnownFileType = text.xcconfig; name = "Pods-RickAndMortyApp.release.xcconfig"; path = "Target Support Files/Pods-RickAndMortyApp/Pods-RickAndMortyApp.release.xcconfig"; sourceTree = "<group>"; };
		8400D32A28991DD700C35767 /* RickAndMortyApp.app */ = {isa = PBXFileReference; explicitFileType = wrapper.application; includeInIndex = 0; path = RickAndMortyApp.app; sourceTree = BUILT_PRODUCTS_DIR; };
		8400D32D28991DD700C35767 /* AppDelegate.swift */ = {isa = PBXFileReference; lastKnownFileType = sourcecode.swift; path = AppDelegate.swift; sourceTree = "<group>"; };
		8400D33628991DDA00C35767 /* Assets.xcassets */ = {isa = PBXFileReference; lastKnownFileType = folder.assetcatalog; path = Assets.xcassets; sourceTree = "<group>"; };
		8400D33928991DDA00C35767 /* Base */ = {isa = PBXFileReference; lastKnownFileType = file.storyboard; name = Base; path = Base.lproj/LaunchScreen.storyboard; sourceTree = "<group>"; };
		8400D33B28991DDA00C35767 /* Info.plist */ = {isa = PBXFileReference; lastKnownFileType = text.plist.xml; path = Info.plist; sourceTree = "<group>"; };
		8400D34428992F7700C35767 /* CharacterViewController.swift */ = {isa = PBXFileReference; lastKnownFileType = sourcecode.swift; path = CharacterViewController.swift; sourceTree = "<group>"; };
		8400D34928992FA300C35767 /* EpisodesViewController.swift */ = {isa = PBXFileReference; lastKnownFileType = sourcecode.swift; path = EpisodesViewController.swift; sourceTree = "<group>"; };
		8400D34B28992FB000C35767 /* LocationsViewController.swift */ = {isa = PBXFileReference; lastKnownFileType = sourcecode.swift; path = LocationsViewController.swift; sourceTree = "<group>"; };
		8400D35128995F7200C35767 /* CharactersTableViewCell.swift */ = {isa = PBXFileReference; lastKnownFileType = sourcecode.swift; path = CharactersTableViewCell.swift; sourceTree = "<group>"; };
		8400D3552899629600C35767 /* CharacterNetwork.swift */ = {isa = PBXFileReference; lastKnownFileType = sourcecode.swift; path = CharacterNetwork.swift; sourceTree = "<group>"; };
		8400D357289962A700C35767 /* Location.swift */ = {isa = PBXFileReference; lastKnownFileType = sourcecode.swift; path = Location.swift; sourceTree = "<group>"; };
		8400D359289962BC00C35767 /* Episode.swift */ = {isa = PBXFileReference; lastKnownFileType = sourcecode.swift; path = Episode.swift; sourceTree = "<group>"; };
		8400D366289ADAD400C35767 /* NetworkService.swift */ = {isa = PBXFileReference; lastKnownFileType = sourcecode.swift; path = NetworkService.swift; sourceTree = "<group>"; };
		8400D3BB289E91BC00C35767 /* LocationTableViewCell.swift */ = {isa = PBXFileReference; lastKnownFileType = sourcecode.swift; path = LocationTableViewCell.swift; sourceTree = "<group>"; };
		8400D3BD289E9ACD00C35767 /* EpisodesTableViewCell.swift */ = {isa = PBXFileReference; lastKnownFileType = sourcecode.swift; path = EpisodesTableViewCell.swift; sourceTree = "<group>"; };
		848A225128E1A13200ABC301 /* GalaryCollectionView.swift */ = {isa = PBXFileReference; lastKnownFileType = sourcecode.swift; path = GalaryCollectionView.swift; sourceTree = "<group>"; };
		848A225328E1A4A800ABC301 /* GalaryCollectionViewCell.swift */ = {isa = PBXFileReference; lastKnownFileType = sourcecode.swift; path = GalaryCollectionViewCell.swift; sourceTree = "<group>"; };
		848DAFE528CA0DE600FA8D82 /* modules.strings */ = {isa = PBXFileReference; lastKnownFileType = text.plist.strings; path = modules.strings; sourceTree = "<group>"; };
		848DAFE728CA0E6B00FA8D82 /* alertMessages.strings */ = {isa = PBXFileReference; lastKnownFileType = text.plist.strings; path = alertMessages.strings; sourceTree = "<group>"; };
		848DAFEB28CA194900FA8D82 /* R.generated.swift */ = {isa = PBXFileReference; fileEncoding = 4; lastKnownFileType = sourcecode.swift; path = R.generated.swift; sourceTree = "<group>"; };
		848DAFED28CA263800FA8D82 /* services.strings */ = {isa = PBXFileReference; lastKnownFileType = text.plist.strings; path = services.strings; sourceTree = "<group>"; };
		848DAFEF28CA29F700FA8D82 /* cells.strings */ = {isa = PBXFileReference; lastKnownFileType = text.plist.strings; path = cells.strings; sourceTree = "<group>"; };
		848DAFF828D34B3700FA8D82 /* DetailViewController.swift */ = {isa = PBXFileReference; lastKnownFileType = sourcecode.swift; path = DetailViewController.swift; sourceTree = "<group>"; };
		848DAFFA28D4975300FA8D82 /* DetailsProtocols.swift */ = {isa = PBXFileReference; lastKnownFileType = sourcecode.swift; path = DetailsProtocols.swift; sourceTree = "<group>"; };
		848DAFFC28D497A100FA8D82 /* DetailsViewModel.swift */ = {isa = PBXFileReference; lastKnownFileType = sourcecode.swift; path = DetailsViewModel.swift; sourceTree = "<group>"; };
		848DB01F28DB553000FA8D82 /* CarouselViewController.swift */ = {isa = PBXFileReference; lastKnownFileType = sourcecode.swift; path = CarouselViewController.swift; sourceTree = "<group>"; };
		8497F9F128ACFBE600C5BCD2 /* .swiftlint.yml */ = {isa = PBXFileReference; lastKnownFileType = text.yaml; path = .swiftlint.yml; sourceTree = "<group>"; };
		84A0022D28B552D700A233F1 /* SearchService.swift */ = {isa = PBXFileReference; lastKnownFileType = sourcecode.swift; path = SearchService.swift; sourceTree = "<group>"; };
		84A0022F28B6423500A233F1 /* EndPoints.swift */ = {isa = PBXFileReference; lastKnownFileType = sourcecode.swift; path = EndPoints.swift; sourceTree = "<group>"; };
		84A0023228B64AC400A233F1 /* NetworkService+extension.swift */ = {isa = PBXFileReference; lastKnownFileType = sourcecode.swift; path = "NetworkService+extension.swift"; sourceTree = "<group>"; };
		84A0023428B8DC5D00A233F1 /* LocationPresenter.swift */ = {isa = PBXFileReference; lastKnownFileType = sourcecode.swift; path = LocationPresenter.swift; sourceTree = "<group>"; };
		84A0023628B8E16600A233F1 /* LocationBuilder.swift */ = {isa = PBXFileReference; lastKnownFileType = sourcecode.swift; path = LocationBuilder.swift; sourceTree = "<group>"; };
		84A0023828B90CD700A233F1 /* EpisodePresenter.swift */ = {isa = PBXFileReference; lastKnownFileType = sourcecode.swift; path = EpisodePresenter.swift; sourceTree = "<group>"; };
		84A0023A28B90E9000A233F1 /* EpisodeBuilder.swift */ = {isa = PBXFileReference; lastKnownFileType = sourcecode.swift; path = EpisodeBuilder.swift; sourceTree = "<group>"; };
		84A0023C28B9103300A233F1 /* CharacterPresenter.swift */ = {isa = PBXFileReference; lastKnownFileType = sourcecode.swift; path = CharacterPresenter.swift; sourceTree = "<group>"; };
		84A0023E28B9104400A233F1 /* CharacterBuilder.swift */ = {isa = PBXFileReference; lastKnownFileType = sourcecode.swift; path = CharacterBuilder.swift; sourceTree = "<group>"; };
		84A0024028BCC74000A233F1 /* UIViewController+showAlert.swift */ = {isa = PBXFileReference; lastKnownFileType = sourcecode.swift; path = "UIViewController+showAlert.swift"; sourceTree = "<group>"; };
		84A0024228BD01EB00A233F1 /* IViewControllers.swift */ = {isa = PBXFileReference; lastKnownFileType = sourcecode.swift; path = IViewControllers.swift; sourceTree = "<group>"; };
		84A0024428BE434E00A233F1 /* StartService.swift */ = {isa = PBXFileReference; lastKnownFileType = sourcecode.swift; path = StartService.swift; sourceTree = "<group>"; };
		84A0024628BF99DC00A233F1 /* SplashViewController.swift */ = {isa = PBXFileReference; lastKnownFileType = sourcecode.swift; path = SplashViewController.swift; sourceTree = "<group>"; };
		84A0024B28C0B7CB00A233F1 /* TabBarViewController.swift */ = {isa = PBXFileReference; lastKnownFileType = sourcecode.swift; path = TabBarViewController.swift; sourceTree = "<group>"; };
		84A0025228C1027E00A233F1 /* SplashScreenPresenter.swift */ = {isa = PBXFileReference; lastKnownFileType = sourcecode.swift; path = SplashScreenPresenter.swift; sourceTree = "<group>"; };
		84A0025428C115C800A233F1 /* SplashBuilder.swift */ = {isa = PBXFileReference; lastKnownFileType = sourcecode.swift; path = SplashBuilder.swift; sourceTree = "<group>"; };
		84A07E5C28E5E660009C5D84 /* GoogleService-Info.plist */ = {isa = PBXFileReference; fileEncoding = 4; lastKnownFileType = text.plist.xml; name = "GoogleService-Info.plist"; path = "../../../../Downloads/GoogleService-Info.plist"; sourceTree = "<group>"; };
		84A07E6028E5EAA6009C5D84 /* GoogleAnalyticsWrapper.swift */ = {isa = PBXFileReference; lastKnownFileType = sourcecode.swift; path = GoogleAnalyticsWrapper.swift; sourceTree = "<group>"; };
		84A07E6228E9FCAB009C5D84 /* NotificationsService.swift */ = {isa = PBXFileReference; lastKnownFileType = sourcecode.swift; path = NotificationsService.swift; sourceTree = "<group>"; };
		84B4A6AD28EEE485001D2CD3 /* DebugMenuView.swift */ = {isa = PBXFileReference; lastKnownFileType = sourcecode.swift; path = DebugMenuView.swift; sourceTree = "<group>"; };
		84B4A70528F6FE3D001D2CD3 /* DataService.swift */ = {isa = PBXFileReference; lastKnownFileType = sourcecode.swift; path = DataService.swift; sourceTree = "<group>"; };
		84EBB01F28C79165009D0DE0 /* RickAndMorty.xcdatamodel */ = {isa = PBXFileReference; lastKnownFileType = wrapper.xcdatamodel; path = RickAndMorty.xcdatamodel; sourceTree = "<group>"; };
		84EBB02228C7958D009D0DE0 /* CoreDataService.swift */ = {isa = PBXFileReference; lastKnownFileType = sourcecode.swift; path = CoreDataService.swift; sourceTree = "<group>"; };
		8E616BEA614F5CAD2D1CBA76 /* Pods_RickAndMortyApp.framework */ = {isa = PBXFileReference; explicitFileType = wrapper.framework; includeInIndex = 0; path = Pods_RickAndMortyApp.framework; sourceTree = BUILT_PRODUCTS_DIR; };
		F59EC1BC5AFB5B1247883102 /* Pods-RickAndMortyApp.debug.xcconfig */ = {isa = PBXFileReference; includeInIndex = 1; lastKnownFileType = text.xcconfig; name = "Pods-RickAndMortyApp.debug.xcconfig"; path = "Target Support Files/Pods-RickAndMortyApp/Pods-RickAndMortyApp.debug.xcconfig"; sourceTree = "<group>"; };
/* End PBXFileReference section */

/* Begin PBXFrameworksBuildPhase section */
		8400D32728991DD700C35767 /* Frameworks */ = {
			isa = PBXFrameworksBuildPhase;
			buildActionMask = 2147483647;
			files = (
				28A611332C5443C9E9F8AACF /* Pods_RickAndMortyApp.framework in Frameworks */,
			);
			runOnlyForDeploymentPostprocessing = 0;
		};
/* End PBXFrameworksBuildPhase section */

/* Begin PBXGroup section */
		2E8B1322460B54526762EDED /* Frameworks */ = {
			isa = PBXGroup;
			children = (
				8E616BEA614F5CAD2D1CBA76 /* Pods_RickAndMortyApp.framework */,
			);
			name = Frameworks;
			sourceTree = "<group>";
		};
		8400D32128991DD700C35767 = {
			isa = PBXGroup;
			children = (
				848DAFEB28CA194900FA8D82 /* R.generated.swift */,
				8497F9F128ACFBE600C5BCD2 /* .swiftlint.yml */,
				8400D32C28991DD700C35767 /* RickAndMortyApp */,
				8400D32B28991DD700C35767 /* Products */,
				CB60C1A6C2EF4564447BB26A /* Pods */,
				2E8B1322460B54526762EDED /* Frameworks */,
			);
			sourceTree = "<group>";
		};
		8400D32B28991DD700C35767 /* Products */ = {
			isa = PBXGroup;
			children = (
				8400D32A28991DD700C35767 /* RickAndMortyApp.app */,
			);
			name = Products;
			sourceTree = "<group>";
		};
		8400D32C28991DD700C35767 /* RickAndMortyApp */ = {
			isa = PBXGroup;
			children = (
				84A07E5C28E5E660009C5D84 /* GoogleService-Info.plist */,
				84A07E5F28E5EA95009C5D84 /* Firebase */,
				848DAFE428CA0B7500FA8D82 /* Localization */,
				84A0023128B64A9700A233F1 /* Extensions */,
				8400D3BF289EAE1E00C35767 /* Services */,
				8400D3532899626F00C35767 /* Models */,
				8400D34D28995F1000C35767 /* Cells */,
				8400D3432899283200C35767 /* Modules */,
				8400D32D28991DD700C35767 /* AppDelegate.swift */,
				8400D33628991DDA00C35767 /* Assets.xcassets */,
				8400D33828991DDA00C35767 /* LaunchScreen.storyboard */,
				8400D33B28991DDA00C35767 /* Info.plist */,
				84EBB01E28C79165009D0DE0 /* RickAndMorty.xcdatamodeld */,
			);
			path = RickAndMortyApp;
			sourceTree = "<group>";
		};
		8400D3432899283200C35767 /* Modules */ = {
			isa = PBXGroup;
			children = (
				84B4A6AC28EEE465001D2CD3 /* DebugMenu */,
				848DB01E28DB54F400FA8D82 /* Scroll */,
				848DAFF728D34B1E00FA8D82 /* Details */,
				84A0024828BF99E400A233F1 /* SplashScreen */,
				8400D34828992F8E00C35767 /* Episodes */,
				8400D34728992F8600C35767 /* Locations */,
				8400D34628992F7B00C35767 /* Characters */,
				84A0024228BD01EB00A233F1 /* IViewControllers.swift */,
				84A0024B28C0B7CB00A233F1 /* TabBarViewController.swift */,
			);
			path = Modules;
			sourceTree = "<group>";
		};
		8400D34628992F7B00C35767 /* Characters */ = {
			isa = PBXGroup;
			children = (
				8400D34428992F7700C35767 /* CharacterViewController.swift */,
				84A0023C28B9103300A233F1 /* CharacterPresenter.swift */,
				84A0023E28B9104400A233F1 /* CharacterBuilder.swift */,
			);
			path = Characters;
			sourceTree = "<group>";
		};
		8400D34728992F8600C35767 /* Locations */ = {
			isa = PBXGroup;
			children = (
				8400D34B28992FB000C35767 /* LocationsViewController.swift */,
				84A0023428B8DC5D00A233F1 /* LocationPresenter.swift */,
				84A0023628B8E16600A233F1 /* LocationBuilder.swift */,
			);
			path = Locations;
			sourceTree = "<group>";
		};
		8400D34828992F8E00C35767 /* Episodes */ = {
			isa = PBXGroup;
			children = (
				8400D34928992FA300C35767 /* EpisodesViewController.swift */,
				84A0023828B90CD700A233F1 /* EpisodePresenter.swift */,
				84A0023A28B90E9000A233F1 /* EpisodeBuilder.swift */,
			);
			path = Episodes;
			sourceTree = "<group>";
		};
		8400D34D28995F1000C35767 /* Cells */ = {
			isa = PBXGroup;
			children = (
				8400D35028995F3200C35767 /* EpisodesCell */,
				8400D34F28995F2600C35767 /* LocationsCell */,
				8400D34E28995F1800C35767 /* CharactersCell */,
			);
			path = Cells;
			sourceTree = "<group>";
		};
		8400D34E28995F1800C35767 /* CharactersCell */ = {
			isa = PBXGroup;
			children = (
				8400D35128995F7200C35767 /* CharactersTableViewCell.swift */,
			);
			path = CharactersCell;
			sourceTree = "<group>";
		};
		8400D34F28995F2600C35767 /* LocationsCell */ = {
			isa = PBXGroup;
			children = (
				8400D3BB289E91BC00C35767 /* LocationTableViewCell.swift */,
			);
			path = LocationsCell;
			sourceTree = "<group>";
		};
		8400D35028995F3200C35767 /* EpisodesCell */ = {
			isa = PBXGroup;
			children = (
				8400D3BD289E9ACD00C35767 /* EpisodesTableViewCell.swift */,
			);
			path = EpisodesCell;
			sourceTree = "<group>";
		};
		8400D3532899626F00C35767 /* Models */ = {
			isa = PBXGroup;
			children = (
				8400D3552899629600C35767 /* CharacterNetwork.swift */,
				8400D357289962A700C35767 /* Location.swift */,
				8400D359289962BC00C35767 /* Episode.swift */,
				84A0022F28B6423500A233F1 /* EndPoints.swift */,
			);
			path = Models;
			sourceTree = "<group>";
		};
		8400D3BF289EAE1E00C35767 /* Services */ = {
			isa = PBXGroup;
			children = (
				8400D366289ADAD400C35767 /* NetworkService.swift */,
				84A0022D28B552D700A233F1 /* SearchService.swift */,
				84A0024428BE434E00A233F1 /* StartService.swift */,
				84EBB02228C7958D009D0DE0 /* CoreDataService.swift */,
				84A07E6228E9FCAB009C5D84 /* NotificationsService.swift */,
				84B4A70528F6FE3D001D2CD3 /* DataService.swift */,
			);
			path = Services;
			sourceTree = "<group>";
		};
		848DAFE428CA0B7500FA8D82 /* Localization */ = {
			isa = PBXGroup;
			children = (
				848DAFE528CA0DE600FA8D82 /* modules.strings */,
				848DAFE728CA0E6B00FA8D82 /* alertMessages.strings */,
				848DAFED28CA263800FA8D82 /* services.strings */,
				848DAFEF28CA29F700FA8D82 /* cells.strings */,
			);
			path = Localization;
			sourceTree = "<group>";
		};
		848DAFF728D34B1E00FA8D82 /* Details */ = {
			isa = PBXGroup;
			children = (
				848DAFF828D34B3700FA8D82 /* DetailViewController.swift */,
				848DAFFA28D4975300FA8D82 /* DetailsProtocols.swift */,
				848DAFFC28D497A100FA8D82 /* DetailsViewModel.swift */,
			);
			path = Details;
			sourceTree = "<group>";
		};
		848DB01E28DB54F400FA8D82 /* Scroll */ = {
			isa = PBXGroup;
			children = (
				848DB01F28DB553000FA8D82 /* CarouselViewController.swift */,
				848A225128E1A13200ABC301 /* GalaryCollectionView.swift */,
				848A225328E1A4A800ABC301 /* GalaryCollectionViewCell.swift */,
			);
			path = Scroll;
			sourceTree = "<group>";
		};
		84A0023128B64A9700A233F1 /* Extensions */ = {
			isa = PBXGroup;
			children = (
				84A0023228B64AC400A233F1 /* NetworkService+extension.swift */,
				84A0024028BCC74000A233F1 /* UIViewController+showAlert.swift */,
			);
			path = Extensions;
			sourceTree = "<group>";
		};
		84A0024828BF99E400A233F1 /* SplashScreen */ = {
			isa = PBXGroup;
			children = (
				84A0024628BF99DC00A233F1 /* SplashViewController.swift */,
				84A0025228C1027E00A233F1 /* SplashScreenPresenter.swift */,
				84A0025428C115C800A233F1 /* SplashBuilder.swift */,
			);
			path = SplashScreen;
			sourceTree = "<group>";
		};
		84A07E5F28E5EA95009C5D84 /* Firebase */ = {
			isa = PBXGroup;
			children = (
				84A07E6028E5EAA6009C5D84 /* GoogleAnalyticsWrapper.swift */,
			);
			path = Firebase;
			sourceTree = "<group>";
		};
		84B4A6AC28EEE465001D2CD3 /* DebugMenu */ = {
			isa = PBXGroup;
			children = (
				84B4A6AD28EEE485001D2CD3 /* DebugMenuView.swift */,
			);
			path = DebugMenu;
			sourceTree = "<group>";
		};
		CB60C1A6C2EF4564447BB26A /* Pods */ = {
			isa = PBXGroup;
			children = (
				F59EC1BC5AFB5B1247883102 /* Pods-RickAndMortyApp.debug.xcconfig */,
				1DD5A2A4CFF94EFEEEC52C61 /* Pods-RickAndMortyApp.release.xcconfig */,
			);
			path = Pods;
			sourceTree = "<group>";
		};
/* End PBXGroup section */

/* Begin PBXNativeTarget section */
		8400D32928991DD700C35767 /* RickAndMortyApp */ = {
			isa = PBXNativeTarget;
			buildConfigurationList = 8400D33E28991DDA00C35767 /* Build configuration list for PBXNativeTarget "RickAndMortyApp" */;
			buildPhases = (
				B28B343541CD2659390353B4 /* [CP] Check Pods Manifest.lock */,
				84EBB03828C9FD5E009D0DE0 /* ShellScript */,
				8400D32628991DD700C35767 /* Sources */,
				8400D32728991DD700C35767 /* Frameworks */,
				8400D32828991DD700C35767 /* Resources */,
				8FC72793EEA71A40C3E556E8 /* [CP] Embed Pods Frameworks */,
				8497F9F028ACC90100C5BCD2 /* ShellScript */,
			);
			buildRules = (
			);
			dependencies = (
			);
			name = RickAndMortyApp;
			productName = RickAndMortyApp;
			productReference = 8400D32A28991DD700C35767 /* RickAndMortyApp.app */;
			productType = "com.apple.product-type.application";
		};
/* End PBXNativeTarget section */

/* Begin PBXProject section */
		8400D32228991DD700C35767 /* Project object */ = {
			isa = PBXProject;
			attributes = {
				BuildIndependentTargetsInParallel = 1;
				LastSwiftUpdateCheck = 1320;
				LastUpgradeCheck = 1320;
				TargetAttributes = {
					8400D32928991DD700C35767 = {
						CreatedOnToolsVersion = 13.2.1;
					};
				};
			};
			buildConfigurationList = 8400D32528991DD700C35767 /* Build configuration list for PBXProject "RickAndMortyApp" */;
			compatibilityVersion = "Xcode 13.0";
			developmentRegion = en;
			hasScannedForEncodings = 0;
			knownRegions = (
				en,
				Base,
			);
			mainGroup = 8400D32128991DD700C35767;
			productRefGroup = 8400D32B28991DD700C35767 /* Products */;
			projectDirPath = "";
			projectRoot = "";
			targets = (
				8400D32928991DD700C35767 /* RickAndMortyApp */,
			);
		};
/* End PBXProject section */

/* Begin PBXResourcesBuildPhase section */
		8400D32828991DD700C35767 /* Resources */ = {
			isa = PBXResourcesBuildPhase;
			buildActionMask = 2147483647;
			files = (
				848DAFF028CA29F700FA8D82 /* cells.strings in Resources */,
				848DAFEE28CA263800FA8D82 /* services.strings in Resources */,
				8400D33A28991DDA00C35767 /* LaunchScreen.storyboard in Resources */,
				848DAFE828CA0E6B00FA8D82 /* alertMessages.strings in Resources */,
				848DAFE628CA0DE600FA8D82 /* modules.strings in Resources */,
				8400D33728991DDA00C35767 /* Assets.xcassets in Resources */,
				84A07E5D28E5E660009C5D84 /* GoogleService-Info.plist in Resources */,
			);
			runOnlyForDeploymentPostprocessing = 0;
		};
/* End PBXResourcesBuildPhase section */

/* Begin PBXShellScriptBuildPhase section */
		8497F9F028ACC90100C5BCD2 /* ShellScript */ = {
			isa = PBXShellScriptBuildPhase;
			buildActionMask = 2147483647;
			files = (
			);
			inputFileListPaths = (
			);
			inputPaths = (
			);
			outputFileListPaths = (
			);
			outputPaths = (
			);
			runOnlyForDeploymentPostprocessing = 0;
			shellPath = /bin/sh;
			shellScript = "\"${PODS_ROOT}/SwiftLint/swiftlint\"\n";
		};
		84EBB03828C9FD5E009D0DE0 /* ShellScript */ = {
			isa = PBXShellScriptBuildPhase;
			alwaysOutOfDate = 1;
			buildActionMask = 2147483647;
			files = (
			);
			inputFileListPaths = (
			);
			inputPaths = (
			);
			outputFileListPaths = (
			);
			outputPaths = (
				"$(DERIVED_FILE_DIR)/$SRCROOT/R.generated.swift ",
			);
			runOnlyForDeploymentPostprocessing = 0;
			shellPath = /bin/sh;
			shellScript = "\"$PODS_ROOT/R.swift/rswift\" generate \"$SRCROOT/R.generated.swift\"\n";
		};
		8FC72793EEA71A40C3E556E8 /* [CP] Embed Pods Frameworks */ = {
			isa = PBXShellScriptBuildPhase;
			buildActionMask = 2147483647;
			files = (
			);
			inputFileListPaths = (
				"${PODS_ROOT}/Target Support Files/Pods-RickAndMortyApp/Pods-RickAndMortyApp-frameworks-${CONFIGURATION}-input-files.xcfilelist",
			);
			name = "[CP] Embed Pods Frameworks";
			outputFileListPaths = (
				"${PODS_ROOT}/Target Support Files/Pods-RickAndMortyApp/Pods-RickAndMortyApp-frameworks-${CONFIGURATION}-output-files.xcfilelist",
			);
			runOnlyForDeploymentPostprocessing = 0;
			shellPath = /bin/sh;
			shellScript = "\"${PODS_ROOT}/Target Support Files/Pods-RickAndMortyApp/Pods-RickAndMortyApp-frameworks.sh\"\n";
			showEnvVarsInLog = 0;
		};
		B28B343541CD2659390353B4 /* [CP] Check Pods Manifest.lock */ = {
			isa = PBXShellScriptBuildPhase;
			buildActionMask = 2147483647;
			files = (
			);
			inputFileListPaths = (
			);
			inputPaths = (
				"${PODS_PODFILE_DIR_PATH}/Podfile.lock",
				"${PODS_ROOT}/Manifest.lock",
			);
			name = "[CP] Check Pods Manifest.lock";
			outputFileListPaths = (
			);
			outputPaths = (
				"$(DERIVED_FILE_DIR)/Pods-RickAndMortyApp-checkManifestLockResult.txt",
			);
			runOnlyForDeploymentPostprocessing = 0;
			shellPath = /bin/sh;
			shellScript = "diff \"${PODS_PODFILE_DIR_PATH}/Podfile.lock\" \"${PODS_ROOT}/Manifest.lock\" > /dev/null\nif [ $? != 0 ] ; then\n    # print error to STDERR\n    echo \"error: The sandbox is not in sync with the Podfile.lock. Run 'pod install' or update your CocoaPods installation.\" >&2\n    exit 1\nfi\n# This output is used by Xcode 'outputs' to avoid re-running this script phase.\necho \"SUCCESS\" > \"${SCRIPT_OUTPUT_FILE_0}\"\n";
			showEnvVarsInLog = 0;
		};
/* End PBXShellScriptBuildPhase section */

/* Begin PBXSourcesBuildPhase section */
		8400D32628991DD700C35767 /* Sources */ = {
			isa = PBXSourcesBuildPhase;
			buildActionMask = 2147483647;
			files = (
				8400D3BE289E9ACD00C35767 /* EpisodesTableViewCell.swift in Sources */,
				84A0024128BCC74000A233F1 /* UIViewController+showAlert.swift in Sources */,
				84A0023F28B9104400A233F1 /* CharacterBuilder.swift in Sources */,
				84A07E6128E5EAA6009C5D84 /* GoogleAnalyticsWrapper.swift in Sources */,
				848DAFFB28D4975300FA8D82 /* DetailsProtocols.swift in Sources */,
				848DB02028DB553000FA8D82 /* CarouselViewController.swift in Sources */,
				84A0023028B6423500A233F1 /* EndPoints.swift in Sources */,
				84A0024328BD01EB00A233F1 /* IViewControllers.swift in Sources */,
				8400D34A28992FA300C35767 /* EpisodesViewController.swift in Sources */,
				84A0023528B8DC5D00A233F1 /* LocationPresenter.swift in Sources */,
				84A0024528BE434E00A233F1 /* StartService.swift in Sources */,
				84A0025328C1027E00A233F1 /* SplashScreenPresenter.swift in Sources */,
				848A225228E1A13200ABC301 /* GalaryCollectionView.swift in Sources */,
				8400D34528992F7700C35767 /* CharacterViewController.swift in Sources */,
				84A0024728BF99DC00A233F1 /* SplashViewController.swift in Sources */,
				84A0024C28C0B7CB00A233F1 /* TabBarViewController.swift in Sources */,
				84A0025528C115C800A233F1 /* SplashBuilder.swift in Sources */,
				84A0023D28B9103300A233F1 /* CharacterPresenter.swift in Sources */,
				8400D35A289962BC00C35767 /* Episode.swift in Sources */,
				8400D3562899629600C35767 /* CharacterNetwork.swift in Sources */,
				8400D358289962A700C35767 /* Location.swift in Sources */,
				848A225428E1A4A800ABC301 /* GalaryCollectionViewCell.swift in Sources */,
				84A07E6328E9FCAB009C5D84 /* NotificationsService.swift in Sources */,
				848DAFEC28CA194900FA8D82 /* R.generated.swift in Sources */,
				8400D32E28991DD700C35767 /* AppDelegate.swift in Sources */,
				848DAFF928D34B3700FA8D82 /* DetailViewController.swift in Sources */,
				84A0022E28B552D700A233F1 /* SearchService.swift in Sources */,
				84A0023728B8E16600A233F1 /* LocationBuilder.swift in Sources */,
				8400D3BC289E91BC00C35767 /* LocationTableViewCell.swift in Sources */,
				84EBB02328C7958D009D0DE0 /* CoreDataService.swift in Sources */,
				84A0023328B64AC400A233F1 /* NetworkService+extension.swift in Sources */,
				84A0023B28B90E9000A233F1 /* EpisodeBuilder.swift in Sources */,
				84B4A6AE28EEE485001D2CD3 /* DebugMenuView.swift in Sources */,
				84EBB02028C79166009D0DE0 /* RickAndMorty.xcdatamodeld in Sources */,
				84A0023928B90CD700A233F1 /* EpisodePresenter.swift in Sources */,
				848DAFFD28D497A100FA8D82 /* DetailsViewModel.swift in Sources */,
				8400D367289ADAD400C35767 /* NetworkService.swift in Sources */,
				8400D35228995F7200C35767 /* CharactersTableViewCell.swift in Sources */,
				8400D34C28992FB000C35767 /* LocationsViewController.swift in Sources */,
				84B4A70628F6FE3D001D2CD3 /* DataService.swift in Sources */,
			);
			runOnlyForDeploymentPostprocessing = 0;
		};
/* End PBXSourcesBuildPhase section */

/* Begin PBXVariantGroup section */
		8400D33828991DDA00C35767 /* LaunchScreen.storyboard */ = {
			isa = PBXVariantGroup;
			children = (
				8400D33928991DDA00C35767 /* Base */,
			);
			name = LaunchScreen.storyboard;
			sourceTree = "<group>";
		};
/* End PBXVariantGroup section */

/* Begin XCBuildConfiguration section */
		8400D33C28991DDA00C35767 /* Debug */ = {
			isa = XCBuildConfiguration;
			buildSettings = {
				ALWAYS_SEARCH_USER_PATHS = NO;
				CLANG_ANALYZER_NONNULL = YES;
				CLANG_ANALYZER_NUMBER_OBJECT_CONVERSION = YES_AGGRESSIVE;
				CLANG_CXX_LANGUAGE_STANDARD = "gnu++17";
				CLANG_CXX_LIBRARY = "libc++";
				CLANG_ENABLE_MODULES = YES;
				CLANG_ENABLE_OBJC_ARC = YES;
				CLANG_ENABLE_OBJC_WEAK = YES;
				CLANG_WARN_BLOCK_CAPTURE_AUTORELEASING = YES;
				CLANG_WARN_BOOL_CONVERSION = YES;
				CLANG_WARN_COMMA = YES;
				CLANG_WARN_CONSTANT_CONVERSION = YES;
				CLANG_WARN_DEPRECATED_OBJC_IMPLEMENTATIONS = YES;
				CLANG_WARN_DIRECT_OBJC_ISA_USAGE = YES_ERROR;
				CLANG_WARN_DOCUMENTATION_COMMENTS = YES;
				CLANG_WARN_EMPTY_BODY = YES;
				CLANG_WARN_ENUM_CONVERSION = YES;
				CLANG_WARN_INFINITE_RECURSION = YES;
				CLANG_WARN_INT_CONVERSION = YES;
				CLANG_WARN_NON_LITERAL_NULL_CONVERSION = YES;
				CLANG_WARN_OBJC_IMPLICIT_RETAIN_SELF = YES;
				CLANG_WARN_OBJC_LITERAL_CONVERSION = YES;
				CLANG_WARN_OBJC_ROOT_CLASS = YES_ERROR;
				CLANG_WARN_QUOTED_INCLUDE_IN_FRAMEWORK_HEADER = YES;
				CLANG_WARN_RANGE_LOOP_ANALYSIS = YES;
				CLANG_WARN_STRICT_PROTOTYPES = YES;
				CLANG_WARN_SUSPICIOUS_MOVE = YES;
				CLANG_WARN_UNGUARDED_AVAILABILITY = YES_AGGRESSIVE;
				CLANG_WARN_UNREACHABLE_CODE = YES;
				CLANG_WARN__DUPLICATE_METHOD_MATCH = YES;
				COPY_PHASE_STRIP = NO;
				DEBUG_INFORMATION_FORMAT = dwarf;
				ENABLE_STRICT_OBJC_MSGSEND = YES;
				ENABLE_TESTABILITY = YES;
				GCC_C_LANGUAGE_STANDARD = gnu11;
				GCC_DYNAMIC_NO_PIC = NO;
				GCC_NO_COMMON_BLOCKS = YES;
				GCC_OPTIMIZATION_LEVEL = 0;
				GCC_PREPROCESSOR_DEFINITIONS = (
					"DEBUG=1",
					"$(inherited)",
				);
				GCC_WARN_64_TO_32_BIT_CONVERSION = YES;
				GCC_WARN_ABOUT_RETURN_TYPE = YES_ERROR;
				GCC_WARN_UNDECLARED_SELECTOR = YES;
				GCC_WARN_UNINITIALIZED_AUTOS = YES_AGGRESSIVE;
				GCC_WARN_UNUSED_FUNCTION = YES;
				GCC_WARN_UNUSED_VARIABLE = YES;
				IPHONEOS_DEPLOYMENT_TARGET = 13.0;
				MTL_ENABLE_DEBUG_INFO = INCLUDE_SOURCE;
				MTL_FAST_MATH = YES;
				ONLY_ACTIVE_ARCH = YES;
				SDKROOT = iphoneos;
				SWIFT_ACTIVE_COMPILATION_CONDITIONS = DEBUG;
				SWIFT_OPTIMIZATION_LEVEL = "-Onone";
			};
			name = Debug;
		};
		8400D33D28991DDA00C35767 /* Release */ = {
			isa = XCBuildConfiguration;
			buildSettings = {
				ALWAYS_SEARCH_USER_PATHS = NO;
				CLANG_ANALYZER_NONNULL = YES;
				CLANG_ANALYZER_NUMBER_OBJECT_CONVERSION = YES_AGGRESSIVE;
				CLANG_CXX_LANGUAGE_STANDARD = "gnu++17";
				CLANG_CXX_LIBRARY = "libc++";
				CLANG_ENABLE_MODULES = YES;
				CLANG_ENABLE_OBJC_ARC = YES;
				CLANG_ENABLE_OBJC_WEAK = YES;
				CLANG_WARN_BLOCK_CAPTURE_AUTORELEASING = YES;
				CLANG_WARN_BOOL_CONVERSION = YES;
				CLANG_WARN_COMMA = YES;
				CLANG_WARN_CONSTANT_CONVERSION = YES;
				CLANG_WARN_DEPRECATED_OBJC_IMPLEMENTATIONS = YES;
				CLANG_WARN_DIRECT_OBJC_ISA_USAGE = YES_ERROR;
				CLANG_WARN_DOCUMENTATION_COMMENTS = YES;
				CLANG_WARN_EMPTY_BODY = YES;
				CLANG_WARN_ENUM_CONVERSION = YES;
				CLANG_WARN_INFINITE_RECURSION = YES;
				CLANG_WARN_INT_CONVERSION = YES;
				CLANG_WARN_NON_LITERAL_NULL_CONVERSION = YES;
				CLANG_WARN_OBJC_IMPLICIT_RETAIN_SELF = YES;
				CLANG_WARN_OBJC_LITERAL_CONVERSION = YES;
				CLANG_WARN_OBJC_ROOT_CLASS = YES_ERROR;
				CLANG_WARN_QUOTED_INCLUDE_IN_FRAMEWORK_HEADER = YES;
				CLANG_WARN_RANGE_LOOP_ANALYSIS = YES;
				CLANG_WARN_STRICT_PROTOTYPES = YES;
				CLANG_WARN_SUSPICIOUS_MOVE = YES;
				CLANG_WARN_UNGUARDED_AVAILABILITY = YES_AGGRESSIVE;
				CLANG_WARN_UNREACHABLE_CODE = YES;
				CLANG_WARN__DUPLICATE_METHOD_MATCH = YES;
				COPY_PHASE_STRIP = NO;
				DEBUG_INFORMATION_FORMAT = "dwarf-with-dsym";
				ENABLE_NS_ASSERTIONS = NO;
				ENABLE_STRICT_OBJC_MSGSEND = YES;
				GCC_C_LANGUAGE_STANDARD = gnu11;
				GCC_NO_COMMON_BLOCKS = YES;
				GCC_WARN_64_TO_32_BIT_CONVERSION = YES;
				GCC_WARN_ABOUT_RETURN_TYPE = YES_ERROR;
				GCC_WARN_UNDECLARED_SELECTOR = YES;
				GCC_WARN_UNINITIALIZED_AUTOS = YES_AGGRESSIVE;
				GCC_WARN_UNUSED_FUNCTION = YES;
				GCC_WARN_UNUSED_VARIABLE = YES;
				IPHONEOS_DEPLOYMENT_TARGET = 13.0;
				MTL_ENABLE_DEBUG_INFO = NO;
				MTL_FAST_MATH = YES;
				SDKROOT = iphoneos;
				SWIFT_COMPILATION_MODE = wholemodule;
				SWIFT_OPTIMIZATION_LEVEL = "-O";
				VALIDATE_PRODUCT = YES;
			};
			name = Release;
		};
		8400D33F28991DDA00C35767 /* Debug */ = {
			isa = XCBuildConfiguration;
			baseConfigurationReference = F59EC1BC5AFB5B1247883102 /* Pods-RickAndMortyApp.debug.xcconfig */;
			buildSettings = {
				ASSETCATALOG_COMPILER_APPICON_NAME = AppIcon;
				ASSETCATALOG_COMPILER_GLOBAL_ACCENT_COLOR_NAME = AccentColor;
				CODE_SIGN_STYLE = Automatic;
				CURRENT_PROJECT_VERSION = 1;
				DEVELOPMENT_TEAM = 9MHYTDB9DP;
				GENERATE_INFOPLIST_FILE = YES;
				INFOPLIST_FILE = RickAndMortyApp/Info.plist;
				INFOPLIST_KEY_UIApplicationSupportsIndirectInputEvents = YES;
				INFOPLIST_KEY_UILaunchStoryboardName = LaunchScreen;
				INFOPLIST_KEY_UISupportedInterfaceOrientations_iPad = "UIInterfaceOrientationPortrait UIInterfaceOrientationPortraitUpsideDown UIInterfaceOrientationLandscapeLeft UIInterfaceOrientationLandscapeRight";
				INFOPLIST_KEY_UISupportedInterfaceOrientations_iPhone = "UIInterfaceOrientationPortrait UIInterfaceOrientationLandscapeLeft UIInterfaceOrientationLandscapeRight";
				IPHONEOS_DEPLOYMENT_TARGET = 13.0;
				LD_RUNPATH_SEARCH_PATHS = (
					"$(inherited)",
					"@executable_path/Frameworks",
				);
				MARKETING_VERSION = 1.0;
				PRODUCT_BUNDLE_IDENTIFIER = evorontsova.RickAndMortyApp;
				PRODUCT_NAME = "$(TARGET_NAME)";
				SWIFT_EMIT_LOC_STRINGS = YES;
				SWIFT_VERSION = 5.0;
				TARGETED_DEVICE_FAMILY = "1,2";
			};
			name = Debug;
		};
		8400D34028991DDA00C35767 /* Release */ = {
			isa = XCBuildConfiguration;
			baseConfigurationReference = 1DD5A2A4CFF94EFEEEC52C61 /* Pods-RickAndMortyApp.release.xcconfig */;
			buildSettings = {
				ASSETCATALOG_COMPILER_APPICON_NAME = AppIcon;
				ASSETCATALOG_COMPILER_GLOBAL_ACCENT_COLOR_NAME = AccentColor;
				CODE_SIGN_STYLE = Automatic;
				CURRENT_PROJECT_VERSION = 1;
				DEVELOPMENT_TEAM = 9MHYTDB9DP;
				GENERATE_INFOPLIST_FILE = YES;
				INFOPLIST_FILE = RickAndMortyApp/Info.plist;
				INFOPLIST_KEY_UIApplicationSupportsIndirectInputEvents = YES;
				INFOPLIST_KEY_UILaunchStoryboardName = LaunchScreen;
				INFOPLIST_KEY_UISupportedInterfaceOrientations_iPad = "UIInterfaceOrientationPortrait UIInterfaceOrientationPortraitUpsideDown UIInterfaceOrientationLandscapeLeft UIInterfaceOrientationLandscapeRight";
				INFOPLIST_KEY_UISupportedInterfaceOrientations_iPhone = "UIInterfaceOrientationPortrait UIInterfaceOrientationLandscapeLeft UIInterfaceOrientationLandscapeRight";
				IPHONEOS_DEPLOYMENT_TARGET = 13.0;
				LD_RUNPATH_SEARCH_PATHS = (
					"$(inherited)",
					"@executable_path/Frameworks",
				);
				MARKETING_VERSION = 1.0;
				PRODUCT_BUNDLE_IDENTIFIER = evorontsova.RickAndMortyApp;
				PRODUCT_NAME = "$(TARGET_NAME)";
				SWIFT_EMIT_LOC_STRINGS = YES;
				SWIFT_VERSION = 5.0;
				TARGETED_DEVICE_FAMILY = "1,2";
			};
			name = Release;
		};
/* End XCBuildConfiguration section */

/* Begin XCConfigurationList section */
		8400D32528991DD700C35767 /* Build configuration list for PBXProject "RickAndMortyApp" */ = {
			isa = XCConfigurationList;
			buildConfigurations = (
				8400D33C28991DDA00C35767 /* Debug */,
				8400D33D28991DDA00C35767 /* Release */,
			);
			defaultConfigurationIsVisible = 0;
			defaultConfigurationName = Release;
		};
		8400D33E28991DDA00C35767 /* Build configuration list for PBXNativeTarget "RickAndMortyApp" */ = {
			isa = XCConfigurationList;
			buildConfigurations = (
				8400D33F28991DDA00C35767 /* Debug */,
				8400D34028991DDA00C35767 /* Release */,
			);
			defaultConfigurationIsVisible = 0;
			defaultConfigurationName = Release;
		};
/* End XCConfigurationList section */

/* Begin XCVersionGroup section */
		84EBB01E28C79165009D0DE0 /* RickAndMorty.xcdatamodeld */ = {
			isa = XCVersionGroup;
			children = (
				84EBB01F28C79165009D0DE0 /* RickAndMorty.xcdatamodel */,
			);
			currentVersion = 84EBB01F28C79165009D0DE0 /* RickAndMorty.xcdatamodel */;
			path = RickAndMorty.xcdatamodeld;
			sourceTree = "<group>";
			versionGroupType = wrapper.xcdatamodel;
		};
/* End XCVersionGroup section */
	};
	rootObject = 8400D32228991DD700C35767 /* Project object */;
}
